// !$*UTF8*$!
{
	archiveVersion = 1;
	classes = {
	};
	objectVersion = 55;
	objects = {

/* Begin PBXBuildFile section */
		A4D30F6B27246FBA003966EC /* CircleImage.swift in Sources */ = {isa = PBXBuildFile; fileRef = A4D30F6A27246FBA003966EC /* CircleImage.swift */; };
		A4D30F6D27247128003966EC /* MapView.swift in Sources */ = {isa = PBXBuildFile; fileRef = A4D30F6C27247128003966EC /* MapView.swift */; };
		A4E789012738827900043AAF /* LandmarkRow.swift in Sources */ = {isa = PBXBuildFile; fileRef = A4E789002738827900043AAF /* LandmarkRow.swift */; };
		A4E78903273884BD00043AAF /* LandmarkList.swift in Sources */ = {isa = PBXBuildFile; fileRef = A4E78902273884BD00043AAF /* LandmarkList.swift */; };
		A4E7890527388C8300043AAF /* LandmarkDetail.swift in Sources */ = {isa = PBXBuildFile; fileRef = A4E7890427388C8300043AAF /* LandmarkDetail.swift */; };
		A4E7890727389AA400043AAF /* FavoriteButton.swift in Sources */ = {isa = PBXBuildFile; fileRef = A4E7890627389AA400043AAF /* FavoriteButton.swift */; };
		A4ED58682724791F00FC1F24 /* landmarkData.json in Resources */ = {isa = PBXBuildFile; fileRef = A4ED58672724791F00FC1F24 /* landmarkData.json */; };
		A4ED586A2724796600FC1F24 /* Landmark.swift in Sources */ = {isa = PBXBuildFile; fileRef = A4ED58692724796600FC1F24 /* Landmark.swift */; };
		A4ED586C27247CD900FC1F24 /* ModelData.swift in Sources */ = {isa = PBXBuildFile; fileRef = A4ED586B27247CD900FC1F24 /* ModelData.swift */; };
		A4F4429B273E93D80039CE14 /* HexagonParameters.swift in Sources */ = {isa = PBXBuildFile; fileRef = A4F4429A273E93D80039CE14 /* HexagonParameters.swift */; };
		A4F4429D273E96030039CE14 /* BadgeBackground.swift in Sources */ = {isa = PBXBuildFile; fileRef = A4F4429C273E96030039CE14 /* BadgeBackground.swift */; };
		A4F4429F273E9C7D0039CE14 /* BadgeSymbol.swift in Sources */ = {isa = PBXBuildFile; fileRef = A4F4429E273E9C7D0039CE14 /* BadgeSymbol.swift */; };
		A4F442A1273E9CFB0039CE14 /* RotatedBadgeSymbol.swift in Sources */ = {isa = PBXBuildFile; fileRef = A4F442A0273E9CFB0039CE14 /* RotatedBadgeSymbol.swift */; };
		A4F442A3273E9D980039CE14 /* Badge.swift in Sources */ = {isa = PBXBuildFile; fileRef = A4F442A2273E9D980039CE14 /* Badge.swift */; };
		A4F4E2C92723606500AC2C83 /* LandmarksApp.swift in Sources */ = {isa = PBXBuildFile; fileRef = A4F4E2C82723606500AC2C83 /* LandmarksApp.swift */; };
		A4F4E2CB2723606500AC2C83 /* ContentView.swift in Sources */ = {isa = PBXBuildFile; fileRef = A4F4E2CA2723606500AC2C83 /* ContentView.swift */; };
		A4F4E2CD2723606600AC2C83 /* Assets.xcassets in Resources */ = {isa = PBXBuildFile; fileRef = A4F4E2CC2723606600AC2C83 /* Assets.xcassets */; };
		A4F4E2D02723606600AC2C83 /* Preview Assets.xcassets in Resources */ = {isa = PBXBuildFile; fileRef = A4F4E2CF2723606600AC2C83 /* Preview Assets.xcassets */; };
/* End PBXBuildFile section */

/* Begin PBXFileReference section */
		A4D30F6A27246FBA003966EC /* CircleImage.swift */ = {isa = PBXFileReference; lastKnownFileType = sourcecode.swift; path = CircleImage.swift; sourceTree = "<group>"; };
		A4D30F6C27247128003966EC /* MapView.swift */ = {isa = PBXFileReference; lastKnownFileType = sourcecode.swift; path = MapView.swift; sourceTree = "<group>"; };
		A4E789002738827900043AAF /* LandmarkRow.swift */ = {isa = PBXFileReference; lastKnownFileType = sourcecode.swift; path = LandmarkRow.swift; sourceTree = "<group>"; };
		A4E78902273884BD00043AAF /* LandmarkList.swift */ = {isa = PBXFileReference; lastKnownFileType = sourcecode.swift; path = LandmarkList.swift; sourceTree = "<group>"; };
		A4E7890427388C8300043AAF /* LandmarkDetail.swift */ = {isa = PBXFileReference; lastKnownFileType = sourcecode.swift; path = LandmarkDetail.swift; sourceTree = "<group>"; };
		A4E7890627389AA400043AAF /* FavoriteButton.swift */ = {isa = PBXFileReference; lastKnownFileType = sourcecode.swift; path = FavoriteButton.swift; sourceTree = "<group>"; };
		A4ED58672724791F00FC1F24 /* landmarkData.json */ = {isa = PBXFileReference; fileEncoding = 4; lastKnownFileType = text.json; path = landmarkData.json; sourceTree = "<group>"; };
		A4ED58692724796600FC1F24 /* Landmark.swift */ = {isa = PBXFileReference; lastKnownFileType = sourcecode.swift; path = Landmark.swift; sourceTree = "<group>"; };
		A4ED586B27247CD900FC1F24 /* ModelData.swift */ = {isa = PBXFileReference; lastKnownFileType = sourcecode.swift; path = ModelData.swift; sourceTree = "<group>"; };
		A4F4429A273E93D80039CE14 /* HexagonParameters.swift */ = {isa = PBXFileReference; lastKnownFileType = sourcecode.swift; path = HexagonParameters.swift; sourceTree = "<group>"; };
		A4F4429C273E96030039CE14 /* BadgeBackground.swift */ = {isa = PBXFileReference; lastKnownFileType = sourcecode.swift; path = BadgeBackground.swift; sourceTree = "<group>"; };
		A4F4429E273E9C7D0039CE14 /* BadgeSymbol.swift */ = {isa = PBXFileReference; lastKnownFileType = sourcecode.swift; path = BadgeSymbol.swift; sourceTree = "<group>"; };
		A4F442A0273E9CFB0039CE14 /* RotatedBadgeSymbol.swift */ = {isa = PBXFileReference; lastKnownFileType = sourcecode.swift; path = RotatedBadgeSymbol.swift; sourceTree = "<group>"; };
		A4F442A2273E9D980039CE14 /* Badge.swift */ = {isa = PBXFileReference; lastKnownFileType = sourcecode.swift; path = Badge.swift; sourceTree = "<group>"; };
		A4F4E2C52723606500AC2C83 /* Landmarks.app */ = {isa = PBXFileReference; explicitFileType = wrapper.application; includeInIndex = 0; path = Landmarks.app; sourceTree = BUILT_PRODUCTS_DIR; };
		A4F4E2C82723606500AC2C83 /* LandmarksApp.swift */ = {isa = PBXFileReference; lastKnownFileType = sourcecode.swift; path = LandmarksApp.swift; sourceTree = "<group>"; };
		A4F4E2CA2723606500AC2C83 /* ContentView.swift */ = {isa = PBXFileReference; lastKnownFileType = sourcecode.swift; path = ContentView.swift; sourceTree = "<group>"; };
		A4F4E2CC2723606600AC2C83 /* Assets.xcassets */ = {isa = PBXFileReference; lastKnownFileType = folder.assetcatalog; path = Assets.xcassets; sourceTree = "<group>"; };
		A4F4E2CF2723606600AC2C83 /* Preview Assets.xcassets */ = {isa = PBXFileReference; lastKnownFileType = folder.assetcatalog; path = "Preview Assets.xcassets"; sourceTree = "<group>"; };
/* End PBXFileReference section */

/* Begin PBXFrameworksBuildPhase section */
		A4F4E2C22723606500AC2C83 /* Frameworks */ = {
			isa = PBXFrameworksBuildPhase;
			buildActionMask = 2147483647;
			files = (
			);
			runOnlyForDeploymentPostprocessing = 0;
		};
/* End PBXFrameworksBuildPhase section */

/* Begin PBXGroup section */
		A4E7890827389B3700043AAF /* Helpers */ = {
			isa = PBXGroup;
			children = (
				A4D30F6A27246FBA003966EC /* CircleImage.swift */,
				A4D30F6C27247128003966EC /* MapView.swift */,
				A4E7890627389AA400043AAF /* FavoriteButton.swift */,
			);
			path = Helpers;
			sourceTree = "<group>";
		};
		A4E7890927389B5E00043AAF /* Landmarks */ = {
			isa = PBXGroup;
			children = (
				A4E789002738827900043AAF /* LandmarkRow.swift */,
				A4E78902273884BD00043AAF /* LandmarkList.swift */,
				A4E7890427388C8300043AAF /* LandmarkDetail.swift */,
			);
			path = Landmarks;
			sourceTree = "<group>";
		};
		A4ED586D27247D6400FC1F24 /* Views */ = {
			isa = PBXGroup;
			children = (
				A4F442A4273E9F1E0039CE14 /* Badges */,
				A4E7890927389B5E00043AAF /* Landmarks */,
				A4E7890827389B3700043AAF /* Helpers */,
				A4F4E2CA2723606500AC2C83 /* ContentView.swift */,
			);
			path = Views;
			sourceTree = "<group>";
		};
		A4ED586E27247D9200FC1F24 /* Resources */ = {
			isa = PBXGroup;
			children = (
				A4ED58672724791F00FC1F24 /* landmarkData.json */,
			);
			path = Resources;
			sourceTree = "<group>";
		};
		A4ED586F27247DA900FC1F24 /* Model */ = {
			isa = PBXGroup;
			children = (
				A4ED58692724796600FC1F24 /* Landmark.swift */,
				A4ED586B27247CD900FC1F24 /* ModelData.swift */,
			);
			path = Model;
			sourceTree = "<group>";
		};
		A4F442A4273E9F1E0039CE14 /* Badges */ = {
			isa = PBXGroup;
			children = (
				A4F4429A273E93D80039CE14 /* HexagonParameters.swift */,
				A4F4429C273E96030039CE14 /* BadgeBackground.swift */,
				A4F4429E273E9C7D0039CE14 /* BadgeSymbol.swift */,
				A4F442A0273E9CFB0039CE14 /* RotatedBadgeSymbol.swift */,
				A4F442A2273E9D980039CE14 /* Badge.swift */,
			);
			path = Badges;
			sourceTree = "<group>";
		};
		A4F4E2BC2723606500AC2C83 = {
			isa = PBXGroup;
			children = (
				A4F4E2C72723606500AC2C83 /* Landmarks */,
				A4F4E2C62723606500AC2C83 /* Products */,
			);
			sourceTree = "<group>";
		};
		A4F4E2C62723606500AC2C83 /* Products */ = {
			isa = PBXGroup;
			children = (
				A4F4E2C52723606500AC2C83 /* Landmarks.app */,
			);
			name = Products;
			sourceTree = "<group>";
		};
		A4F4E2C72723606500AC2C83 /* Landmarks */ = {
			isa = PBXGroup;
			children = (
				A4ED586F27247DA900FC1F24 /* Model */,
				A4ED586E27247D9200FC1F24 /* Resources */,
				A4ED586D27247D6400FC1F24 /* Views */,
				A4F4E2C82723606500AC2C83 /* LandmarksApp.swift */,
				A4F4E2CC2723606600AC2C83 /* Assets.xcassets */,
				A4F4E2CE2723606600AC2C83 /* Preview Content */,
			);
			path = Landmarks;
			sourceTree = "<group>";
		};
		A4F4E2CE2723606600AC2C83 /* Preview Content */ = {
			isa = PBXGroup;
			children = (
				A4F4E2CF2723606600AC2C83 /* Preview Assets.xcassets */,
			);
			path = "Preview Content";
			sourceTree = "<group>";
		};
/* End PBXGroup section */

/* Begin PBXNativeTarget section */
		A4F4E2C42723606500AC2C83 /* Landmarks */ = {
			isa = PBXNativeTarget;
			buildConfigurationList = A4F4E2D32723606600AC2C83 /* Build configuration list for PBXNativeTarget "Landmarks" */;
			buildPhases = (
				A4F4E2C12723606500AC2C83 /* Sources */,
				A4F4E2C22723606500AC2C83 /* Frameworks */,
				A4F4E2C32723606500AC2C83 /* Resources */,
			);
			buildRules = (
			);
			dependencies = (
			);
			name = Landmarks;
			productName = Landmarks;
			productReference = A4F4E2C52723606500AC2C83 /* Landmarks.app */;
			productType = "com.apple.product-type.application";
		};
/* End PBXNativeTarget section */

/* Begin PBXProject section */
		A4F4E2BD2723606500AC2C83 /* Project object */ = {
			isa = PBXProject;
			attributes = {
				BuildIndependentTargetsInParallel = 1;
				LastSwiftUpdateCheck = 1300;
				LastUpgradeCheck = 1300;
				TargetAttributes = {
					A4F4E2C42723606500AC2C83 = {
						CreatedOnToolsVersion = 13.0;
					};
				};
			};
			buildConfigurationList = A4F4E2C02723606500AC2C83 /* Build configuration list for PBXProject "Landmarks" */;
			compatibilityVersion = "Xcode 13.0";
			developmentRegion = en;
			hasScannedForEncodings = 0;
			knownRegions = (
				en,
				Base,
			);
			mainGroup = A4F4E2BC2723606500AC2C83;
			productRefGroup = A4F4E2C62723606500AC2C83 /* Products */;
			projectDirPath = "";
			projectRoot = "";
			targets = (
				A4F4E2C42723606500AC2C83 /* Landmarks */,
			);
		};
/* End PBXProject section */

/* Begin PBXResourcesBuildPhase section */
		A4F4E2C32723606500AC2C83 /* Resources */ = {
			isa = PBXResourcesBuildPhase;
			buildActionMask = 2147483647;
			files = (
				A4F4E2D02723606600AC2C83 /* Preview Assets.xcassets in Resources */,
				A4F4E2CD2723606600AC2C83 /* Assets.xcassets in Resources */,
				A4ED58682724791F00FC1F24 /* landmarkData.json in Resources */,
			);
			runOnlyForDeploymentPostprocessing = 0;
		};
/* End PBXResourcesBuildPhase section */

/* Begin PBXSourcesBuildPhase section */
		A4F4E2C12723606500AC2C83 /* Sources */ = {
			isa = PBXSourcesBuildPhase;
			buildActionMask = 2147483647;
			files = (
				A4F4E2CB2723606500AC2C83 /* ContentView.swift in Sources */,
				A4F442A3273E9D980039CE14 /* Badge.swift in Sources */,
				A4D30F6D27247128003966EC /* MapView.swift in Sources */,
				A4F4E2C92723606500AC2C83 /* LandmarksApp.swift in Sources */,
				A4E7890727389AA400043AAF /* FavoriteButton.swift in Sources */,
				A4F4429B273E93D80039CE14 /* HexagonParameters.swift in Sources */,
				A4F442A1273E9CFB0039CE14 /* RotatedBadgeSymbol.swift in Sources */,
				A4F4429F273E9C7D0039CE14 /* BadgeSymbol.swift in Sources */,
				A4E78903273884BD00043AAF /* LandmarkList.swift in Sources */,
				A4E7890527388C8300043AAF /* LandmarkDetail.swift in Sources */,
				A4F4429D273E96030039CE14 /* BadgeBackground.swift in Sources */,
				A4D30F6B27246FBA003966EC /* CircleImage.swift in Sources */,
				A4ED586A2724796600FC1F24 /* Landmark.swift in Sources */,
				A4E789012738827900043AAF /* LandmarkRow.swift in Sources */,
				A4ED586C27247CD900FC1F24 /* ModelData.swift in Sources */,
			);
			runOnlyForDeploymentPostprocessing = 0;
		};
/* End PBXSourcesBuildPhase section */

/* Begin XCBuildConfiguration section */
		A4F4E2D12723606600AC2C83 /* Debug */ = {
			isa = XCBuildConfiguration;
			buildSettings = {
				ALWAYS_SEARCH_USER_PATHS = NO;
				CLANG_ANALYZER_NONNULL = YES;
				CLANG_ANALYZER_NUMBER_OBJECT_CONVERSION = YES_AGGRESSIVE;
				CLANG_CXX_LANGUAGE_STANDARD = "gnu++17";
				CLANG_CXX_LIBRARY = "libc++";
				CLANG_ENABLE_MODULES = YES;
				CLANG_ENABLE_OBJC_ARC = YES;
				CLANG_ENABLE_OBJC_WEAK = YES;
				CLANG_WARN_BLOCK_CAPTURE_AUTORELEASING = YES;
				CLANG_WARN_BOOL_CONVERSION = YES;
				CLANG_WARN_COMMA = YES;
				CLANG_WARN_CONSTANT_CONVERSION = YES;
				CLANG_WARN_DEPRECATED_OBJC_IMPLEMENTATIONS = YES;
				CLANG_WARN_DIRECT_OBJC_ISA_USAGE = YES_ERROR;
				CLANG_WARN_DOCUMENTATION_COMMENTS = YES;
				CLANG_WARN_EMPTY_BODY = YES;
				CLANG_WARN_ENUM_CONVERSION = YES;
				CLANG_WARN_INFINITE_RECURSION = YES;
				CLANG_WARN_INT_CONVERSION = YES;
				CLANG_WARN_NON_LITERAL_NULL_CONVERSION = YES;
				CLANG_WARN_OBJC_IMPLICIT_RETAIN_SELF = YES;
				CLANG_WARN_OBJC_LITERAL_CONVERSION = YES;
				CLANG_WARN_OBJC_ROOT_CLASS = YES_ERROR;
				CLANG_WARN_QUOTED_INCLUDE_IN_FRAMEWORK_HEADER = YES;
				CLANG_WARN_RANGE_LOOP_ANALYSIS = YES;
				CLANG_WARN_STRICT_PROTOTYPES = YES;
				CLANG_WARN_SUSPICIOUS_MOVE = YES;
				CLANG_WARN_UNGUARDED_AVAILABILITY = YES_AGGRESSIVE;
				CLANG_WARN_UNREACHABLE_CODE = YES;
				CLANG_WARN__DUPLICATE_METHOD_MATCH = YES;
				COPY_PHASE_STRIP = NO;
				DEBUG_INFORMATION_FORMAT = dwarf;
				ENABLE_STRICT_OBJC_MSGSEND = YES;
				ENABLE_TESTABILITY = YES;
				GCC_C_LANGUAGE_STANDARD = gnu11;
				GCC_DYNAMIC_NO_PIC = NO;
				GCC_NO_COMMON_BLOCKS = YES;
				GCC_OPTIMIZATION_LEVEL = 0;
				GCC_PREPROCESSOR_DEFINITIONS = (
					"DEBUG=1",
					"$(inherited)",
				);
				GCC_WARN_64_TO_32_BIT_CONVERSION = YES;
				GCC_WARN_ABOUT_RETURN_TYPE = YES_ERROR;
				GCC_WARN_UNDECLARED_SELECTOR = YES;
				GCC_WARN_UNINITIALIZED_AUTOS = YES_AGGRESSIVE;
				GCC_WARN_UNUSED_FUNCTION = YES;
				GCC_WARN_UNUSED_VARIABLE = YES;
				IPHONEOS_DEPLOYMENT_TARGET = 15.0;
				MTL_ENABLE_DEBUG_INFO = INCLUDE_SOURCE;
				MTL_FAST_MATH = YES;
				ONLY_ACTIVE_ARCH = YES;
				SDKROOT = iphoneos;
				SWIFT_ACTIVE_COMPILATION_CONDITIONS = DEBUG;
				SWIFT_OPTIMIZATION_LEVEL = "-Onone";
			};
			name = Debug;
		};
		A4F4E2D22723606600AC2C83 /* Release */ = {
			isa = XCBuildConfiguration;
			buildSettings = {
				ALWAYS_SEARCH_USER_PATHS = NO;
				CLANG_ANALYZER_NONNULL = YES;
				CLANG_ANALYZER_NUMBER_OBJECT_CONVERSION = YES_AGGRESSIVE;
				CLANG_CXX_LANGUAGE_STANDARD = "gnu++17";
				CLANG_CXX_LIBRARY = "libc++";
				CLANG_ENABLE_MODULES = YES;
				CLANG_ENABLE_OBJC_ARC = YES;
				CLANG_ENABLE_OBJC_WEAK = YES;
				CLANG_WARN_BLOCK_CAPTURE_AUTORELEASING = YES;
				CLANG_WARN_BOOL_CONVERSION = YES;
				CLANG_WARN_COMMA = YES;
				CLANG_WARN_CONSTANT_CONVERSION = YES;
				CLANG_WARN_DEPRECATED_OBJC_IMPLEMENTATIONS = YES;
				CLANG_WARN_DIRECT_OBJC_ISA_USAGE = YES_ERROR;
				CLANG_WARN_DOCUMENTATION_COMMENTS = YES;
				CLANG_WARN_EMPTY_BODY = YES;
				CLANG_WARN_ENUM_CONVERSION = YES;
				CLANG_WARN_INFINITE_RECURSION = YES;
				CLANG_WARN_INT_CONVERSION = YES;
				CLANG_WARN_NON_LITERAL_NULL_CONVERSION = YES;
				CLANG_WARN_OBJC_IMPLICIT_RETAIN_SELF = YES;
				CLANG_WARN_OBJC_LITERAL_CONVERSION = YES;
				CLANG_WARN_OBJC_ROOT_CLASS = YES_ERROR;
				CLANG_WARN_QUOTED_INCLUDE_IN_FRAMEWORK_HEADER = YES;
				CLANG_WARN_RANGE_LOOP_ANALYSIS = YES;
				CLANG_WARN_STRICT_PROTOTYPES = YES;
				CLANG_WARN_SUSPICIOUS_MOVE = YES;
				CLANG_WARN_UNGUARDED_AVAILABILITY = YES_AGGRESSIVE;
				CLANG_WARN_UNREACHABLE_CODE = YES;
				CLANG_WARN__DUPLICATE_METHOD_MATCH = YES;
				COPY_PHASE_STRIP = NO;
				DEBUG_INFORMATION_FORMAT = "dwarf-with-dsym";
				ENABLE_NS_ASSERTIONS = NO;
				ENABLE_STRICT_OBJC_MSGSEND = YES;
				GCC_C_LANGUAGE_STANDARD = gnu11;
				GCC_NO_COMMON_BLOCKS = YES;
				GCC_WARN_64_TO_32_BIT_CONVERSION = YES;
				GCC_WARN_ABOUT_RETURN_TYPE = YES_ERROR;
				GCC_WARN_UNDECLARED_SELECTOR = YES;
				GCC_WARN_UNINITIALIZED_AUTOS = YES_AGGRESSIVE;
				GCC_WARN_UNUSED_FUNCTION = YES;
				GCC_WARN_UNUSED_VARIABLE = YES;
				IPHONEOS_DEPLOYMENT_TARGET = 15.0;
				MTL_ENABLE_DEBUG_INFO = NO;
				MTL_FAST_MATH = YES;
				SDKROOT = iphoneos;
				SWIFT_COMPILATION_MODE = wholemodule;
				SWIFT_OPTIMIZATION_LEVEL = "-O";
				VALIDATE_PRODUCT = YES;
			};
			name = Release;
		};
		A4F4E2D42723606600AC2C83 /* Debug */ = {
			isa = XCBuildConfiguration;
			buildSettings = {
				ASSETCATALOG_COMPILER_APPICON_NAME = AppIcon;
				ASSETCATALOG_COMPILER_GLOBAL_ACCENT_COLOR_NAME = AccentColor;
				CODE_SIGN_STYLE = Automatic;
				CURRENT_PROJECT_VERSION = 1;
				DEVELOPMENT_ASSET_PATHS = "\"Landmarks/Preview Content\"";
				DEVELOPMENT_TEAM = NFRX468U5J;
				ENABLE_PREVIEWS = YES;
				GENERATE_INFOPLIST_FILE = YES;
				INFOPLIST_KEY_UIApplicationSceneManifest_Generation = YES;
				INFOPLIST_KEY_UIApplicationSupportsIndirectInputEvents = YES;
				INFOPLIST_KEY_UILaunchScreen_Generation = YES;
				INFOPLIST_KEY_UISupportedInterfaceOrientations_iPad = "UIInterfaceOrientationPortrait UIInterfaceOrientationPortraitUpsideDown UIInterfaceOrientationLandscapeLeft UIInterfaceOrientationLandscapeRight";
				INFOPLIST_KEY_UISupportedInterfaceOrientations_iPhone = "UIInterfaceOrientationPortrait UIInterfaceOrientationLandscapeLeft UIInterfaceOrientationLandscapeRight";
				IPHONEOS_DEPLOYMENT_TARGET = 14.0;
				LD_RUNPATH_SEARCH_PATHS = (
					"$(inherited)",
					"@executable_path/Frameworks",
				);
				MARKETING_VERSION = 1.0;
				PRODUCT_BUNDLE_IDENTIFIER = "adrianagutierrez-ravn.co.Landmarks";
				PRODUCT_NAME = "$(TARGET_NAME)";
				SWIFT_EMIT_LOC_STRINGS = YES;
				SWIFT_VERSION = 5.0;
				TARGETED_DEVICE_FAMILY = "1,2";
			};
			name = Debug;
		};
		A4F4E2D52723606600AC2C83 /* Release */ = {
			isa = XCBuildConfiguration;
			buildSettings = {
				ASSETCATALOG_COMPILER_APPICON_NAME = AppIcon;
				ASSETCATALOG_COMPILER_GLOBAL_ACCENT_COLOR_NAME = AccentColor;
				CODE_SIGN_STYLE = Automatic;
				CURRENT_PROJECT_VERSION = 1;
				DEVELOPMENT_ASSET_PATHS = "\"Landmarks/Preview Content\"";
				DEVELOPMENT_TEAM = NFRX468U5J;
				ENABLE_PREVIEWS = YES;
				GENERATE_INFOPLIST_FILE = YES;
				INFOPLIST_KEY_UIApplicationSceneManifest_Generation = YES;
				INFOPLIST_KEY_UIApplicationSupportsIndirectInputEvents = YES;
				INFOPLIST_KEY_UILaunchScreen_Generation = YES;
				INFOPLIST_KEY_UISupportedInterfaceOrientations_iPad = "UIInterfaceOrientationPortrait UIInterfaceOrientationPortraitUpsideDown UIInterfaceOrientationLandscapeLeft UIInterfaceOrientationLandscapeRight";
				INFOPLIST_KEY_UISupportedInterfaceOrientations_iPhone = "UIInterfaceOrientationPortrait UIInterfaceOrientationLandscapeLeft UIInterfaceOrientationLandscapeRight";
				IPHONEOS_DEPLOYMENT_TARGET = 14.0;
				LD_RUNPATH_SEARCH_PATHS = (
					"$(inherited)",
					"@executable_path/Frameworks",
				);
				MARKETING_VERSION = 1.0;
				PRODUCT_BUNDLE_IDENTIFIER = "adrianagutierrez-ravn.co.Landmarks";
				PRODUCT_NAME = "$(TARGET_NAME)";
				SWIFT_EMIT_LOC_STRINGS = YES;
				SWIFT_VERSION = 5.0;
				TARGETED_DEVICE_FAMILY = "1,2";
			};
			name = Release;
		};
/* End XCBuildConfiguration section */

/* Begin XCConfigurationList section */
		A4F4E2C02723606500AC2C83 /* Build configuration list for PBXProject "Landmarks" */ = {
			isa = XCConfigurationList;
			buildConfigurations = (
				A4F4E2D12723606600AC2C83 /* Debug */,
				A4F4E2D22723606600AC2C83 /* Release */,
			);
			defaultConfigurationIsVisible = 0;
			defaultConfigurationName = Release;
		};
		A4F4E2D32723606600AC2C83 /* Build configuration list for PBXNativeTarget "Landmarks" */ = {
			isa = XCConfigurationList;
			buildConfigurations = (
				A4F4E2D42723606600AC2C83 /* Debug */,
				A4F4E2D52723606600AC2C83 /* Release */,
			);
			defaultConfigurationIsVisible = 0;
			defaultConfigurationName = Release;
		};
/* End XCConfigurationList section */
	};
	rootObject = A4F4E2BD2723606500AC2C83 /* Project object */;
}
